
Microsoft Visual Studio Solution File, Format Version 12.00
# Visual Studio Version 16
VisualStudioVersion = 16.0.30523.141
MinimumVisualStudioVersion = 10.0.40219.1
Project("{8BC9CEB8-8B4A-11D0-8D11-00A0C91BC942}") = "单向链表", "单向链表\单向链表.vcxproj", "{CD95831A-5249-45D3-9EB6-9FAC8165A24E}"
EndProject
Global
	GlobalSection(SolutionConfigurationPlatforms) = preSolution
		Debug|x64 = Debug|x64
		Debug|x86 = Debug|x86
		Release|x64 = Release|x64
		Release|x86 = Release|x86
	EndGlobalSection
	GlobalSection(ProjectConfigurationPlatforms) = postSolution
		{CD95831A-5249-45D3-9EB6-9FAC8165A24E}.Debug|x64.ActiveCfg = Debug|x64
		{CD95831A-5249-45D3-9EB6-9FAC8165A24E}.Debug|x64.Build.0 = Debug|x64
		{CD95831A-5249-45D3-9EB6-9FAC8165A24E}.Debug|x86.ActiveCfg = Debug|Win32
		{CD95831A-5249-45D3-9EB6-9FAC8165A24E}.Debug|x86.Build.0 = Debug|Win32
		{CD95831A-5249-45D3-9EB6-9FAC8165A24E}.Release|x64.ActiveCfg = Release|x64
		{CD95831A-5249-45D3-9EB6-9FAC8165A24E}.Release|x64.Build.0 = Release|x64
		{CD95831A-5249-45D3-9EB6-9FAC8165A24E}.Release|x86.ActiveCfg = Release|Win32
		{CD95831A-5249-45D3-9EB6-9FAC8165A24E}.Release|x86.Build.0 = Release|Win32
	EndGlobalSection
	GlobalSection(SolutionProperties) = preSolution
		HideSolutionNode = FALSE
	EndGlobalSection
	GlobalSection(ExtensibilityGlobals) = postSolution
		SolutionGuid = {6F9003BB-7E1E-4350-BE8B-DD78E59A97F5}
	EndGlobalSection
EndGlobal
